
Microsoft Visual Studio Solution File, Format Version 12.00
# Visual Studio Version 17
VisualStudioVersion = 17.6.33723.286
MinimumVisualStudioVersion = 10.0.40219.1
Project("{9A19103F-16F7-4668-BE54-9A1E7A4F7556}") = "Yeonhwa Enhancer", "Yeonhwa Enhancer\Yeonhwa Enhancer.csproj", "{C3A2CE6E-F2D5-44AB-916E-7EB097BB0DE1}"
EndProject
Global
	GlobalSection(SolutionConfigurationPlatforms) = preSolution
		Debug|Any CPU = Debug|Any CPU
		Release|Any CPU = Release|Any CPU
	EndGlobalSection
	GlobalSection(ProjectConfigurationPlatforms) = postSolution
		{C3A2CE6E-F2D5-44AB-916E-7EB097BB0DE1}.Debug|Any CPU.ActiveCfg = Debug|Any CPU
		{C3A2CE6E-F2D5-44AB-916E-7EB097BB0DE1}.Debug|Any CPU.Build.0 = Debug|Any CPU
		{C3A2CE6E-F2D5-44AB-916E-7EB097BB0DE1}.Release|Any CPU.ActiveCfg = Release|Any CPU
		{C3A2CE6E-F2D5-44AB-916E-7EB097BB0DE1}.Release|Any CPU.Build.0 = Release|Any CPU
	EndGlobalSection
	GlobalSection(SolutionProperties) = preSolution
		HideSolutionNode = FALSE
	EndGlobalSection
	GlobalSection(ExtensibilityGlobals) = postSolution
		SolutionGuid = {66AC025B-4BD7-44A6-B1F7-4C57A3568EEA}
	EndGlobalSection
EndGlobal
